
Microsoft Visual Studio Solution File, Format Version 12.00
# Visual Studio Version 16
VisualStudioVersion = 16.0.29025.244
MinimumVisualStudioVersion = 10.0.40219.1
Project("{FAE04EC0-301F-11D3-BF4B-00C04F79EFBC}") = "WakeOnLanCMD", "WOLan\WakeOnLanCMD.csproj", "{D452B272-9AF4-4F07-9E7F-202F5BBB85EB}"
EndProject
Project("{FAE04EC0-301F-11D3-BF4B-00C04F79EFBC}") = "WakeOnLanLibrary", "WakeOnLan\WakeOnLanLibrary.csproj", "{95782963-7D90-42BF-A266-B57E84BEB2CB}"
EndProject
Global
	GlobalSection(SolutionConfigurationPlatforms) = preSolution
		Debug|Any CPU = Debug|Any CPU
		Release|Any CPU = Release|Any CPU
	EndGlobalSection
	GlobalSection(ProjectConfigurationPlatforms) = postSolution
		{D452B272-9AF4-4F07-9E7F-202F5BBB85EB}.Debug|Any CPU.ActiveCfg = Debug|Any CPU
		{D452B272-9AF4-4F07-9E7F-202F5BBB85EB}.Debug|Any CPU.Build.0 = Debug|Any CPU
		{D452B272-9AF4-4F07-9E7F-202F5BBB85EB}.Release|Any CPU.ActiveCfg = Release|Any CPU
		{D452B272-9AF4-4F07-9E7F-202F5BBB85EB}.Release|Any CPU.Build.0 = Release|Any CPU
		{95782963-7D90-42BF-A266-B57E84BEB2CB}.Debug|Any CPU.ActiveCfg = Debug|Any CPU
		{95782963-7D90-42BF-A266-B57E84BEB2CB}.Debug|Any CPU.Build.0 = Debug|Any CPU
		{95782963-7D90-42BF-A266-B57E84BEB2CB}.Release|Any CPU.ActiveCfg = Release|Any CPU
		{95782963-7D90-42BF-A266-B57E84BEB2CB}.Release|Any CPU.Build.0 = Release|Any CPU
	EndGlobalSection
	GlobalSection(SolutionProperties) = preSolution
		HideSolutionNode = FALSE
	EndGlobalSection
	GlobalSection(ExtensibilityGlobals) = postSolution
		SolutionGuid = {DF485067-05A3-4E6E-A8FB-7D6D1F896AC6}
	EndGlobalSection
EndGlobal
